
Microsoft Visual Studio Solution File, Format Version 12.00
Project("{FAE04EC0-301F-11D3-BF4B-00C04F79EFBC}") = "RegionPopupContinued", "RegionPopupContinued\RegionPopupContinued.csproj", "{0AD445A2-4C6E-4A79-A40E-96A991F86AF4}"
EndProject
Global
	GlobalSection(SolutionConfigurationPlatforms) = preSolution
		Debug|Any CPU = Debug|Any CPU
		Release|Any CPU = Release|Any CPU
	EndGlobalSection
	GlobalSection(ProjectConfigurationPlatforms) = postSolution
		{0AD445A2-4C6E-4A79-A40E-96A991F86AF4}.Debug|Any CPU.ActiveCfg = Debug|Any CPU
		{0AD445A2-4C6E-4A79-A40E-96A991F86AF4}.Debug|Any CPU.Build.0 = Debug|Any CPU
		{0AD445A2-4C6E-4A79-A40E-96A991F86AF4}.Release|Any CPU.ActiveCfg = Release|Any CPU
		{0AD445A2-4C6E-4A79-A40E-96A991F86AF4}.Release|Any CPU.Build.0 = Release|Any CPU
	EndGlobalSection
EndGlobal
